
Microsoft Visual Studio Solution File, Format Version 12.00
# Visual Studio Version 16
VisualStudioVersion = 16.0.30011.22
MinimumVisualStudioVersion = 10.0.40219.1
Project("{FAE04EC0-301F-11D3-BF4B-00C04F79EFBC}") = "SystemSpeechSynthesis", "SpeechRecognition1\SystemSpeechSynthesis.csproj", "{FFE80A8D-3C52-4542-A61F-90AD3E3D5C5F}"
EndProject
Global
	GlobalSection(SolutionConfigurationPlatforms) = preSolution
		Debug|Any CPU = Debug|Any CPU
		Release|Any CPU = Release|Any CPU
	EndGlobalSection
	GlobalSection(ProjectConfigurationPlatforms) = postSolution
		{FFE80A8D-3C52-4542-A61F-90AD3E3D5C5F}.Debug|Any CPU.ActiveCfg = Debug|Any CPU
		{FFE80A8D-3C52-4542-A61F-90AD3E3D5C5F}.Debug|Any CPU.Build.0 = Debug|Any CPU
		{FFE80A8D-3C52-4542-A61F-90AD3E3D5C5F}.Release|Any CPU.ActiveCfg = Release|Any CPU
		{FFE80A8D-3C52-4542-A61F-90AD3E3D5C5F}.Release|Any CPU.Build.0 = Release|Any CPU
	EndGlobalSection
	GlobalSection(SolutionProperties) = preSolution
		HideSolutionNode = FALSE
	EndGlobalSection
	GlobalSection(ExtensibilityGlobals) = postSolution
		SolutionGuid = {FE9E649A-4289-4484-A32F-63C5B9EEE483}
	EndGlobalSection
EndGlobal
